<?xml version="1.0" encoding="utf-8"?>
<Project ToolsVersion="4.0" xmlns="http://schemas.microsoft.com/developer/msbuild/2003">
  <ItemGroup>
    <Filter Include="Resource Files">
      <UniqueIdentifier>{67DA6AB6-F800-4c08-8B7A-83BB121AAD01}</UniqueIdentifier>
      <Extensions>rc;ico;cur;bmp;dlg;rc2;rct;bin;rgs;gif;jpg;jpeg;jpe;resx;tiff;tif;png;wav;mfcribbon-ms</Extensions>
    </Filter>
    <Filter Include="Source">
      <UniqueIdentifier>{4FC737F1-C7A5-4376-A066-2A32D752A2FF}</UniqueIdentifier>
      <Extensions>cpp;c;cc;cxx;c++;cppm;ixx;def;odl;idl;hpj;bat;asm;asmx</Extensions>
    </Filter>
    <Filter Include="Source\Public">
      <UniqueIdentifier>{5b0a3a87-3e97-4a90-9eed-3b35c35767c6}</UniqueIdentifier>
    </Filter>
    <Filter Include="Source\Private">
      <UniqueIdentifier>{a1548f00-4f2b-4561-b8c0-77f60ee17c83}</UniqueIdentifier>
    </Filter>
    <Filter Include="Source\ImGui">
      <UniqueIdentifier>{944e741b-88ce-4937-bf1e-7800140e61e9}</UniqueIdentifier>
    </Filter>
    <Filter Include="Shaders">
      <UniqueIdentifier>{da8508dd-515f-428b-a2fd-19e8207b09df}</UniqueIdentifier>
    </Filter>
  </ItemGroup>
  <ItemGroup>
    <ClCompile Include="Source\Application.cpp">
      <Filter>Source\Private</Filter>
    </ClCompile>
    <ClCompile Include="Source\main.cpp">
      <Filter>Source\Private</Filter>
    </ClCompile>
    <ClCompile Include="ExternalLibs\ImGUI\imgui.cpp">
      <Filter>Source\ImGui</Filter>
    </ClCompile>
    <ClCompile Include="ExternalLibs\ImGUI\imgui_demo.cpp">
      <Filter>Source\ImGui</Filter>
    </ClCompile>
    <ClCompile Include="ExternalLibs\ImGUI\imgui_draw.cpp">
      <Filter>Source\ImGui</Filter>
    </ClCompile>
    <ClCompile Include="ExternalLibs\ImGUI\imgui_impl_glfw.cpp">
      <Filter>Source\ImGui</Filter>
    </ClCompile>
    <ClCompile Include="ExternalLibs\ImGUI\imgui_impl_opengl3.cpp">
      <Filter>Source\ImGui</Filter>
    </ClCompile>
    <ClCompile Include="ExternalLibs\ImGUI\imgui_tables.cpp">
      <Filter>Source\ImGui</Filter>
    </ClCompile>
    <ClCompile Include="ExternalLibs\ImGUI\imgui_widgets.cpp">
      <Filter>Source\ImGui</Filter>
    </ClCompile>
    <ClCompile Include="Source\Terrain.cpp">
      <Filter>Source\Private</Filter>
    </ClCompile>
    <ClCompile Include="Source\Util.cpp">
      <Filter>Source\Private</Filter>
    </ClCompile>
    <ClCompile Include="Source\TriangleList.cpp">
      <Filter>Source\Private</Filter>
    </ClCompile>
    <ClCompile Include="Source\RenderSystem.cpp">
      <Filter>Source\Private</Filter>
    </ClCompile>
    <ClCompile Include="Source\TerrainRenderSystem.cpp">
      <Filter>Source\Private</Filter>
    </ClCompile>
    <ClCompile Include="Source\TestRenderSystem.cpp">
      <Filter>Source\Private</Filter>
    </ClCompile>
    <ClCompile Include="Source\Camera.cpp">
      <Filter>Source\Private</Filter>
    </ClCompile>
  </ItemGroup>
  <ItemGroup>
    <ClInclude Include="Source\Application.h">
      <Filter>Source\Public</Filter>
    </ClInclude>
    <ClInclude Include="Source\Terrain.h">
      <Filter>Source\Public</Filter>
    </ClInclude>
    <ClInclude Include="Source\Array2D.h">
      <Filter>Source\Public</Filter>
    </ClInclude>
    <ClInclude Include="Source\Util.h">
      <Filter>Source\Public</Filter>
    </ClInclude>
    <ClInclude Include="Source\TriangleList.h">
      <Filter>Source\Public</Filter>
    </ClInclude>
    <ClInclude Include="Source\RenderSystem.h">
      <Filter>Source\Public</Filter>
    </ClInclude>
    <ClInclude Include="Source\TerrainRenderSystem.h">
      <Filter>Source\Public</Filter>
    </ClInclude>
    <ClInclude Include="Source\TestRenderSystem.h">
      <Filter>Source\Public</Filter>
    </ClInclude>
    <ClInclude Include="Source\Camera.h">
      <Filter>Source\Public</Filter>
    </ClInclude>
  </ItemGroup>
  <ItemGroup>
    <None Include="Shaders\terrain.fs">
      <Filter>Shaders</Filter>
    </None>
    <None Include="Shaders\terrain.vs">
      <Filter>Shaders</Filter>
    </None>
    <None Include="Shaders\test.fs">
      <Filter>Shaders</Filter>
    </None>
    <None Include="Shaders\test.vs">
      <Filter>Shaders</Filter>
    </None>
  </ItemGroup>
</Project>